// !$*UTF8*$!
{
	archiveVersion = 1;
	classes = {
	};
	objectVersion = 51;
	objects = {

/* Begin PBXBuildFile section */
		28C6976C1B0E606414017302 /* Pods_UHShield.framework in Frameworks */ = {isa = PBXBuildFile; fileRef = 9779873E92E10EB8324AD16F /* Pods_UHShield.framework */; };
		39410ACC254E4D9900DEF4CB /* EventsView.swift in Sources */ = {isa = PBXBuildFile; fileRef = 39410ACB254E4D9900DEF4CB /* EventsView.swift */; };
		39410ACF254E4E5900DEF4CB /* SearchView.swift in Sources */ = {isa = PBXBuildFile; fileRef = 39410ACE254E4E5900DEF4CB /* SearchView.swift */; };
		39410AD2254E4E7300DEF4CB /* BadgesView.swift in Sources */ = {isa = PBXBuildFile; fileRef = 39410AD1254E4E7300DEF4CB /* BadgesView.swift */; };
		39410ADE254E55CE00DEF4CB /* SelectionView.swift in Sources */ = {isa = PBXBuildFile; fileRef = 39410ADD254E55CE00DEF4CB /* SelectionView.swift */; };
		39410AE6254E871700DEF4CB /* MyEventsView.swift in Sources */ = {isa = PBXBuildFile; fileRef = 39410AE5254E871700DEF4CB /* MyEventsView.swift */; };
		39410AE9254E882A00DEF4CB /* EditEventView.swift in Sources */ = {isa = PBXBuildFile; fileRef = 39410AE8254E882A00DEF4CB /* EditEventView.swift */; };
		39410AEE254E8A3B00DEF4CB /* UserView.swift in Sources */ = {isa = PBXBuildFile; fileRef = 39410AED254E8A3B00DEF4CB /* UserView.swift */; };
		39410B0A254FA1CB00DEF4CB /* EventRowView.swift in Sources */ = {isa = PBXBuildFile; fileRef = 39410B09254FA1CB00DEF4CB /* EventRowView.swift */; };
		39410B24255109ED00DEF4CB /* UpcomingEventsView.swift in Sources */ = {isa = PBXBuildFile; fileRef = 39410B23255109ED00DEF4CB /* UpcomingEventsView.swift */; };
		39410B292551243300DEF4CB /* MeView.swift in Sources */ = {isa = PBXBuildFile; fileRef = 39410B282551243300DEF4CB /* MeView.swift */; };
		39410B2C255126AB00DEF4CB /* EditProfileView.swift in Sources */ = {isa = PBXBuildFile; fileRef = 39410B2B255126AB00DEF4CB /* EditProfileView.swift */; };
		453CF8E525511E8C004BBA40 /* CheckInView.swift in Sources */ = {isa = PBXBuildFile; fileRef = 453CF8E425511E8C004BBA40 /* CheckInView.swift */; };
		453CF8E825515B5B004BBA40 /* AddBadgeView.swift in Sources */ = {isa = PBXBuildFile; fileRef = 453CF8E725515B5A004BBA40 /* AddBadgeView.swift */; };
		45553062255578910042BA20 /* MyEventDetailView.swift in Sources */ = {isa = PBXBuildFile; fileRef = 45553061255578910042BA20 /* MyEventDetailView.swift */; };
		4567D172254EA04A00C9DBCB /* Event.swift in Sources */ = {isa = PBXBuildFile; fileRef = 4567D171254EA04A00C9DBCB /* Event.swift */; };
		4567D175254EA43100C9DBCB /* EventViewModel.swift in Sources */ = {isa = PBXBuildFile; fileRef = 4567D174254EA43100C9DBCB /* EventViewModel.swift */; };
		456ED979254FE1A7003C32E4 /* EmailComposer.swift in Sources */ = {isa = PBXBuildFile; fileRef = 456ED978254FE1A7003C32E4 /* EmailComposer.swift */; };
		4590CC0C2548ECB60096C728 /* UHShieldApp.swift in Sources */ = {isa = PBXBuildFile; fileRef = 4590CC0B2548ECB60096C728 /* UHShieldApp.swift */; };
		4590CC0E2548ECB60096C728 /* ContentView.swift in Sources */ = {isa = PBXBuildFile; fileRef = 4590CC0D2548ECB60096C728 /* ContentView.swift */; };
		4590CC102548ECB90096C728 /* Assets.xcassets in Resources */ = {isa = PBXBuildFile; fileRef = 4590CC0F2548ECB90096C728 /* Assets.xcassets */; };
		4590CC132548ECB90096C728 /* Preview Assets.xcassets in Resources */ = {isa = PBXBuildFile; fileRef = 4590CC122548ECB90096C728 /* Preview Assets.xcassets */; };
		4590CC252548EE760096C728 /* CodeScanner.swift in Sources */ = {isa = PBXBuildFile; fileRef = 4590CC242548EE760096C728 /* CodeScanner.swift */; };
		4590CC372548F68C0096C728 /* ScannerLayoutView.swift in Sources */ = {isa = PBXBuildFile; fileRef = 4590CC362548F68C0096C728 /* ScannerLayoutView.swift */; };
		4590CC3B2548F7240096C728 /* AddEventView.swift in Sources */ = {isa = PBXBuildFile; fileRef = 4590CC3A2548F7240096C728 /* AddEventView.swift */; };
		45B8C617254A7E6A003A8511 /* GoogleService-Info.plist in Resources */ = {isa = PBXBuildFile; fileRef = 45B8C616254A7E6A003A8511 /* GoogleService-Info.plist */; };
		45B8C629254A8593003A8511 /* SignInView.swift in Sources */ = {isa = PBXBuildFile; fileRef = 45B8C628254A8593003A8511 /* SignInView.swift */; };
		45B8C62C254A85EC003A8511 /* SessionStore.swift in Sources */ = {isa = PBXBuildFile; fileRef = 45B8C62B254A85EC003A8511 /* SessionStore.swift */; };
		45B8C62F254A8774003A8511 /* Modifiers.swift in Sources */ = {isa = PBXBuildFile; fileRef = 45B8C62E254A8774003A8511 /* Modifiers.swift */; };
		45B8C632254A8C16003A8511 /* AlertView.swift in Sources */ = {isa = PBXBuildFile; fileRef = 45B8C631254A8C16003A8511 /* AlertView.swift */; };
		45B8C635254A8DB4003A8511 /* SignUpView.swift in Sources */ = {isa = PBXBuildFile; fileRef = 45B8C634254A8DB4003A8511 /* SignUpView.swift */; };
		901C8B17254E8A04005B147B /* Badge.swift in Sources */ = {isa = PBXBuildFile; fileRef = 901C8B16254E8A04005B147B /* Badge.swift */; };
		901C8B35254E90BC005B147B /* BadgeViewModel.swift in Sources */ = {isa = PBXBuildFile; fileRef = 901C8B34254E90BC005B147B /* BadgeViewModel.swift */; };
		901C8B73254E9D38005B147B /* BadgeRowView.swift in Sources */ = {isa = PBXBuildFile; fileRef = 901C8B72254E9D38005B147B /* BadgeRowView.swift */; };
		90AF2C232550017A008F2B26 /* SearchBar.swift in Sources */ = {isa = PBXBuildFile; fileRef = 90AF2C222550017A008F2B26 /* SearchBar.swift */; };
		90DDD7A12551651F00A0DDF0 /* Profile.swift in Sources */ = {isa = PBXBuildFile; fileRef = 90DDD7A02551651F00A0DDF0 /* Profile.swift */; };
		90DDD7A4255169DE00A0DDF0 /* ProfileViewModel.swift in Sources */ = {isa = PBXBuildFile; fileRef = 90DDD7A3255169DE00A0DDF0 /* ProfileViewModel.swift */; };
/* End PBXBuildFile section */

/* Begin PBXFileReference section */
		39410ACB254E4D9900DEF4CB /* EventsView.swift */ = {isa = PBXFileReference; lastKnownFileType = sourcecode.swift; path = EventsView.swift; sourceTree = "<group>"; };
		39410ACE254E4E5900DEF4CB /* SearchView.swift */ = {isa = PBXFileReference; lastKnownFileType = sourcecode.swift; path = SearchView.swift; sourceTree = "<group>"; };
		39410AD1254E4E7300DEF4CB /* BadgesView.swift */ = {isa = PBXFileReference; lastKnownFileType = sourcecode.swift; path = BadgesView.swift; sourceTree = "<group>"; };
		39410ADD254E55CE00DEF4CB /* SelectionView.swift */ = {isa = PBXFileReference; lastKnownFileType = sourcecode.swift; path = SelectionView.swift; sourceTree = "<group>"; };
		39410AE5254E871700DEF4CB /* MyEventsView.swift */ = {isa = PBXFileReference; lastKnownFileType = sourcecode.swift; path = MyEventsView.swift; sourceTree = "<group>"; };
		39410AE8254E882A00DEF4CB /* EditEventView.swift */ = {isa = PBXFileReference; lastKnownFileType = sourcecode.swift; path = EditEventView.swift; sourceTree = "<group>"; };
		39410AED254E8A3B00DEF4CB /* UserView.swift */ = {isa = PBXFileReference; lastKnownFileType = sourcecode.swift; path = UserView.swift; sourceTree = "<group>"; };
		39410B09254FA1CB00DEF4CB /* EventRowView.swift */ = {isa = PBXFileReference; lastKnownFileType = sourcecode.swift; path = EventRowView.swift; sourceTree = "<group>"; };
		39410B23255109ED00DEF4CB /* UpcomingEventsView.swift */ = {isa = PBXFileReference; lastKnownFileType = sourcecode.swift; path = UpcomingEventsView.swift; sourceTree = "<group>"; };
		39410B282551243300DEF4CB /* MeView.swift */ = {isa = PBXFileReference; lastKnownFileType = sourcecode.swift; path = MeView.swift; sourceTree = "<group>"; };
		39410B2B255126AB00DEF4CB /* EditProfileView.swift */ = {isa = PBXFileReference; lastKnownFileType = sourcecode.swift; path = EditProfileView.swift; sourceTree = "<group>"; };
		430F3808FC1F511B4A751145 /* Pods-UHShield.release.xcconfig */ = {isa = PBXFileReference; includeInIndex = 1; lastKnownFileType = text.xcconfig; name = "Pods-UHShield.release.xcconfig"; path = "Target Support Files/Pods-UHShield/Pods-UHShield.release.xcconfig"; sourceTree = "<group>"; };
		453CF8E425511E8C004BBA40 /* CheckInView.swift */ = {isa = PBXFileReference; lastKnownFileType = sourcecode.swift; path = CheckInView.swift; sourceTree = "<group>"; };
		453CF8E725515B5A004BBA40 /* AddBadgeView.swift */ = {isa = PBXFileReference; lastKnownFileType = sourcecode.swift; path = AddBadgeView.swift; sourceTree = "<group>"; };
		45553061255578910042BA20 /* MyEventDetailView.swift */ = {isa = PBXFileReference; lastKnownFileType = sourcecode.swift; path = MyEventDetailView.swift; sourceTree = "<group>"; };
		4567D171254EA04A00C9DBCB /* Event.swift */ = {isa = PBXFileReference; lastKnownFileType = sourcecode.swift; path = Event.swift; sourceTree = "<group>"; };
		4567D174254EA43100C9DBCB /* EventViewModel.swift */ = {isa = PBXFileReference; lastKnownFileType = sourcecode.swift; path = EventViewModel.swift; sourceTree = "<group>"; };
		456ED978254FE1A7003C32E4 /* EmailComposer.swift */ = {isa = PBXFileReference; lastKnownFileType = sourcecode.swift; path = EmailComposer.swift; sourceTree = "<group>"; };
		4590CC082548ECB60096C728 /* UHShield.app */ = {isa = PBXFileReference; explicitFileType = wrapper.application; includeInIndex = 0; path = UHShield.app; sourceTree = BUILT_PRODUCTS_DIR; };
		4590CC0B2548ECB60096C728 /* UHShieldApp.swift */ = {isa = PBXFileReference; lastKnownFileType = sourcecode.swift; path = UHShieldApp.swift; sourceTree = "<group>"; };
		4590CC0D2548ECB60096C728 /* ContentView.swift */ = {isa = PBXFileReference; lastKnownFileType = sourcecode.swift; path = ContentView.swift; sourceTree = "<group>"; };
		4590CC0F2548ECB90096C728 /* Assets.xcassets */ = {isa = PBXFileReference; lastKnownFileType = folder.assetcatalog; path = Assets.xcassets; sourceTree = "<group>"; };
		4590CC122548ECB90096C728 /* Preview Assets.xcassets */ = {isa = PBXFileReference; lastKnownFileType = folder.assetcatalog; path = "Preview Assets.xcassets"; sourceTree = "<group>"; };
		4590CC142548ECB90096C728 /* Info.plist */ = {isa = PBXFileReference; lastKnownFileType = text.plist.xml; path = Info.plist; sourceTree = "<group>"; };
		4590CC242548EE760096C728 /* CodeScanner.swift */ = {isa = PBXFileReference; lastKnownFileType = sourcecode.swift; path = CodeScanner.swift; sourceTree = "<group>"; };
		4590CC362548F68C0096C728 /* ScannerLayoutView.swift */ = {isa = PBXFileReference; lastKnownFileType = sourcecode.swift; path = ScannerLayoutView.swift; sourceTree = "<group>"; };
		4590CC3A2548F7240096C728 /* AddEventView.swift */ = {isa = PBXFileReference; lastKnownFileType = sourcecode.swift; path = AddEventView.swift; sourceTree = "<group>"; };
		45B8C616254A7E6A003A8511 /* GoogleService-Info.plist */ = {isa = PBXFileReference; fileEncoding = 4; lastKnownFileType = text.plist.xml; path = "GoogleService-Info.plist"; sourceTree = "<group>"; };
		45B8C628254A8593003A8511 /* SignInView.swift */ = {isa = PBXFileReference; lastKnownFileType = sourcecode.swift; path = SignInView.swift; sourceTree = "<group>"; };
		45B8C62B254A85EC003A8511 /* SessionStore.swift */ = {isa = PBXFileReference; lastKnownFileType = sourcecode.swift; path = SessionStore.swift; sourceTree = "<group>"; };
		45B8C62E254A8774003A8511 /* Modifiers.swift */ = {isa = PBXFileReference; lastKnownFileType = sourcecode.swift; path = Modifiers.swift; sourceTree = "<group>"; };
		45B8C631254A8C16003A8511 /* AlertView.swift */ = {isa = PBXFileReference; lastKnownFileType = sourcecode.swift; path = AlertView.swift; sourceTree = "<group>"; };
		45B8C634254A8DB4003A8511 /* SignUpView.swift */ = {isa = PBXFileReference; lastKnownFileType = sourcecode.swift; path = SignUpView.swift; sourceTree = "<group>"; };
		901C8B16254E8A04005B147B /* Badge.swift */ = {isa = PBXFileReference; lastKnownFileType = sourcecode.swift; path = Badge.swift; sourceTree = "<group>"; };
		901C8B34254E90BC005B147B /* BadgeViewModel.swift */ = {isa = PBXFileReference; lastKnownFileType = sourcecode.swift; path = BadgeViewModel.swift; sourceTree = "<group>"; };
		901C8B72254E9D38005B147B /* BadgeRowView.swift */ = {isa = PBXFileReference; lastKnownFileType = sourcecode.swift; path = BadgeRowView.swift; sourceTree = "<group>"; };
		90AF2C222550017A008F2B26 /* SearchBar.swift */ = {isa = PBXFileReference; lastKnownFileType = sourcecode.swift; path = SearchBar.swift; sourceTree = "<group>"; };
		90DDD7A02551651F00A0DDF0 /* Profile.swift */ = {isa = PBXFileReference; lastKnownFileType = sourcecode.swift; path = Profile.swift; sourceTree = "<group>"; };
		90DDD7A3255169DE00A0DDF0 /* ProfileViewModel.swift */ = {isa = PBXFileReference; lastKnownFileType = sourcecode.swift; path = ProfileViewModel.swift; sourceTree = "<group>"; };
		9779873E92E10EB8324AD16F /* Pods_UHShield.framework */ = {isa = PBXFileReference; explicitFileType = wrapper.framework; includeInIndex = 0; path = Pods_UHShield.framework; sourceTree = BUILT_PRODUCTS_DIR; };
		A3F6EC8C25AF38B707829FB9 /* Pods-UHShield.debug.xcconfig */ = {isa = PBXFileReference; includeInIndex = 1; lastKnownFileType = text.xcconfig; name = "Pods-UHShield.debug.xcconfig"; path = "Target Support Files/Pods-UHShield/Pods-UHShield.debug.xcconfig"; sourceTree = "<group>"; };
/* End PBXFileReference section */

/* Begin PBXFrameworksBuildPhase section */
		4590CC052548ECB60096C728 /* Frameworks */ = {
			isa = PBXFrameworksBuildPhase;
			buildActionMask = 2147483647;
			files = (
				28C6976C1B0E606414017302 /* Pods_UHShield.framework in Frameworks */,
			);
			runOnlyForDeploymentPostprocessing = 0;
		};
/* End PBXFrameworksBuildPhase section */

/* Begin PBXGroup section */
		39410B08254FA17100DEF4CB /* SubViews */ = {
			isa = PBXGroup;
			children = (
				39410B09254FA1CB00DEF4CB /* EventRowView.swift */,
				901C8B72254E9D38005B147B /* BadgeRowView.swift */,
				45553061255578910042BA20 /* MyEventDetailView.swift */,
			);
			path = SubViews;
			sourceTree = "<group>";
		};
		4590CBFF2548ECB60096C728 = {
			isa = PBXGroup;
			children = (
				4590CC0A2548ECB60096C728 /* UHShield */,
				4590CC092548ECB60096C728 /* Products */,
				5CF28267DB20104A362AD31F /* Pods */,
				CBA71602E5DAF30542F6270B /* Frameworks */,
			);
			sourceTree = "<group>";
		};
		4590CC092548ECB60096C728 /* Products */ = {
			isa = PBXGroup;
			children = (
				4590CC082548ECB60096C728 /* UHShield.app */,
			);
			name = Products;
			sourceTree = "<group>";
		};
		4590CC0A2548ECB60096C728 /* UHShield */ = {
			isa = PBXGroup;
			children = (
				4590CC0B2548ECB60096C728 /* UHShieldApp.swift */,
				4590CC0D2548ECB60096C728 /* ContentView.swift */,
				901C8B15254E89D8005B147B /* ViewModel */,
				901C8B14254E89A8005B147B /* Model */,
				4590CC2A2548F0D20096C728 /* Views */,
				4590CC2B2548F1070096C728 /* HelperClass */,
				4590CC0F2548ECB90096C728 /* Assets.xcassets */,
				4590CC142548ECB90096C728 /* Info.plist */,
				45B8C616254A7E6A003A8511 /* GoogleService-Info.plist */,
				4590CC112548ECB90096C728 /* Preview Content */,
			);
			path = UHShield;
			sourceTree = "<group>";
		};
		4590CC112548ECB90096C728 /* Preview Content */ = {
			isa = PBXGroup;
			children = (
				4590CC122548ECB90096C728 /* Preview Assets.xcassets */,
			);
			path = "Preview Content";
			sourceTree = "<group>";
		};
		4590CC2A2548F0D20096C728 /* Views */ = {
			isa = PBXGroup;
			children = (
				453CF8E725515B5A004BBA40 /* AddBadgeView.swift */,
				4590CC3A2548F7240096C728 /* AddEventView.swift */,
				45B8C631254A8C16003A8511 /* AlertView.swift */,
				39410AD1254E4E7300DEF4CB /* BadgesView.swift */,
				453CF8E425511E8C004BBA40 /* CheckInView.swift */,
				39410AE8254E882A00DEF4CB /* EditEventView.swift */,
				39410B2B255126AB00DEF4CB /* EditProfileView.swift */,
				39410ACB254E4D9900DEF4CB /* EventsView.swift */,
				39410B282551243300DEF4CB /* MeView.swift */,
				39410AE5254E871700DEF4CB /* MyEventsView.swift */,
				4590CC362548F68C0096C728 /* ScannerLayoutView.swift */,
				39410ACE254E4E5900DEF4CB /* SearchView.swift */,
				39410ADD254E55CE00DEF4CB /* SelectionView.swift */,
				45B8C628254A8593003A8511 /* SignInView.swift */,
				45B8C634254A8DB4003A8511 /* SignUpView.swift */,
				39410B23255109ED00DEF4CB /* UpcomingEventsView.swift */,
				39410AED254E8A3B00DEF4CB /* UserView.swift */,
				39410B08254FA17100DEF4CB /* SubViews */,
			);
			path = Views;
			sourceTree = "<group>";
		};
		4590CC2B2548F1070096C728 /* HelperClass */ = {
			isa = PBXGroup;
			children = (
				4590CC242548EE760096C728 /* CodeScanner.swift */,
				456ED978254FE1A7003C32E4 /* EmailComposer.swift */,
				45B8C62B254A85EC003A8511 /* SessionStore.swift */,
				45B8C62E254A8774003A8511 /* Modifiers.swift */,
				90AF2C222550017A008F2B26 /* SearchBar.swift */,
			);
			path = HelperClass;
			sourceTree = "<group>";
		};
		5CF28267DB20104A362AD31F /* Pods */ = {
			isa = PBXGroup;
			children = (
				A3F6EC8C25AF38B707829FB9 /* Pods-UHShield.debug.xcconfig */,
				430F3808FC1F511B4A751145 /* Pods-UHShield.release.xcconfig */,
			);
			path = Pods;
			sourceTree = "<group>";
		};
		901C8B14254E89A8005B147B /* Model */ = {
			isa = PBXGroup;
			children = (
				901C8B16254E8A04005B147B /* Badge.swift */,
				4567D171254EA04A00C9DBCB /* Event.swift */,
				90DDD7A02551651F00A0DDF0 /* Profile.swift */,
			);
			path = Model;
			sourceTree = "<group>";
		};
		901C8B15254E89D8005B147B /* ViewModel */ = {
			isa = PBXGroup;
			children = (
				901C8B34254E90BC005B147B /* BadgeViewModel.swift */,
				4567D174254EA43100C9DBCB /* EventViewModel.swift */,
				90DDD7A3255169DE00A0DDF0 /* ProfileViewModel.swift */,
			);
			path = ViewModel;
			sourceTree = "<group>";
		};
		CBA71602E5DAF30542F6270B /* Frameworks */ = {
			isa = PBXGroup;
			children = (
				9779873E92E10EB8324AD16F /* Pods_UHShield.framework */,
			);
			name = Frameworks;
			sourceTree = "<group>";
		};
/* End PBXGroup section */

/* Begin PBXNativeTarget section */
		4590CC072548ECB60096C728 /* UHShield */ = {
			isa = PBXNativeTarget;
			buildConfigurationList = 4590CC172548ECB90096C728 /* Build configuration list for PBXNativeTarget "UHShield" */;
			buildPhases = (
				2FE815E8ED76C1B6B869F5CD /* [CP] Check Pods Manifest.lock */,
				4590CC042548ECB60096C728 /* Sources */,
				4590CC052548ECB60096C728 /* Frameworks */,
				4590CC062548ECB60096C728 /* Resources */,
				1C1897C2F521785C72C2F31B /* [CP] Embed Pods Frameworks */,
			);
			buildRules = (
			);
			dependencies = (
			);
			name = UHShield;
			productName = UHShield;
			productReference = 4590CC082548ECB60096C728 /* UHShield.app */;
			productType = "com.apple.product-type.application";
		};
/* End PBXNativeTarget section */

/* Begin PBXProject section */
		4590CC002548ECB60096C728 /* Project object */ = {
			isa = PBXProject;
			attributes = {
				LastSwiftUpdateCheck = 1200;
				LastUpgradeCheck = 1200;
				TargetAttributes = {
					4590CC072548ECB60096C728 = {
						CreatedOnToolsVersion = 12.0;
					};
				};
			};
			buildConfigurationList = 4590CC032548ECB60096C728 /* Build configuration list for PBXProject "UHShield" */;
			compatibilityVersion = "Xcode 9.3";
			developmentRegion = en;
			hasScannedForEncodings = 0;
			knownRegions = (
				en,
				Base,
			);
			mainGroup = 4590CBFF2548ECB60096C728;
			productRefGroup = 4590CC092548ECB60096C728 /* Products */;
			projectDirPath = "";
			projectRoot = "";
			targets = (
				4590CC072548ECB60096C728 /* UHShield */,
			);
		};
/* End PBXProject section */

/* Begin PBXResourcesBuildPhase section */
		4590CC062548ECB60096C728 /* Resources */ = {
			isa = PBXResourcesBuildPhase;
			buildActionMask = 2147483647;
			files = (
				4590CC132548ECB90096C728 /* Preview Assets.xcassets in Resources */,
				4590CC102548ECB90096C728 /* Assets.xcassets in Resources */,
				45B8C617254A7E6A003A8511 /* GoogleService-Info.plist in Resources */,
			);
			runOnlyForDeploymentPostprocessing = 0;
		};
/* End PBXResourcesBuildPhase section */

/* Begin PBXShellScriptBuildPhase section */
		1C1897C2F521785C72C2F31B /* [CP] Embed Pods Frameworks */ = {
			isa = PBXShellScriptBuildPhase;
			buildActionMask = 2147483647;
			files = (
			);
			inputFileListPaths = (
				"${PODS_ROOT}/Target Support Files/Pods-UHShield/Pods-UHShield-frameworks-${CONFIGURATION}-input-files.xcfilelist",
			);
			name = "[CP] Embed Pods Frameworks";
			outputFileListPaths = (
				"${PODS_ROOT}/Target Support Files/Pods-UHShield/Pods-UHShield-frameworks-${CONFIGURATION}-output-files.xcfilelist",
			);
			runOnlyForDeploymentPostprocessing = 0;
			shellPath = /bin/sh;
			shellScript = "\"${PODS_ROOT}/Target Support Files/Pods-UHShield/Pods-UHShield-frameworks.sh\"\n";
			showEnvVarsInLog = 0;
		};
		2FE815E8ED76C1B6B869F5CD /* [CP] Check Pods Manifest.lock */ = {
			isa = PBXShellScriptBuildPhase;
			buildActionMask = 2147483647;
			files = (
			);
			inputFileListPaths = (
			);
			inputPaths = (
				"${PODS_PODFILE_DIR_PATH}/Podfile.lock",
				"${PODS_ROOT}/Manifest.lock",
			);
			name = "[CP] Check Pods Manifest.lock";
			outputFileListPaths = (
			);
			outputPaths = (
				"$(DERIVED_FILE_DIR)/Pods-UHShield-checkManifestLockResult.txt",
			);
			runOnlyForDeploymentPostprocessing = 0;
			shellPath = /bin/sh;
			shellScript = "diff \"${PODS_PODFILE_DIR_PATH}/Podfile.lock\" \"${PODS_ROOT}/Manifest.lock\" > /dev/null\nif [ $? != 0 ] ; then\n    # print error to STDERR\n    echo \"error: The sandbox is not in sync with the Podfile.lock. Run 'pod install' or update your CocoaPods installation.\" >&2\n    exit 1\nfi\n# This output is used by Xcode 'outputs' to avoid re-running this script phase.\necho \"SUCCESS\" > \"${SCRIPT_OUTPUT_FILE_0}\"\n";
			showEnvVarsInLog = 0;
		};
/* End PBXShellScriptBuildPhase section */

/* Begin PBXSourcesBuildPhase section */
		4590CC042548ECB60096C728 /* Sources */ = {
			isa = PBXSourcesBuildPhase;
			buildActionMask = 2147483647;
			files = (
				39410ADE254E55CE00DEF4CB /* SelectionView.swift in Sources */,
				453CF8E525511E8C004BBA40 /* CheckInView.swift in Sources */,
				39410B2C255126AB00DEF4CB /* EditProfileView.swift in Sources */,
				39410ACC254E4D9900DEF4CB /* EventsView.swift in Sources */,
				4590CC3B2548F7240096C728 /* AddEventView.swift in Sources */,
				453CF8E825515B5B004BBA40 /* AddBadgeView.swift in Sources */,
				4590CC372548F68C0096C728 /* ScannerLayoutView.swift in Sources */,
				39410B0A254FA1CB00DEF4CB /* EventRowView.swift in Sources */,
				45B8C632254A8C16003A8511 /* AlertView.swift in Sources */,
				90AF2C232550017A008F2B26 /* SearchBar.swift in Sources */,
				901C8B17254E8A04005B147B /* Badge.swift in Sources */,
				901C8B35254E90BC005B147B /* BadgeViewModel.swift in Sources */,
				45B8C635254A8DB4003A8511 /* SignUpView.swift in Sources */,
				901C8B73254E9D38005B147B /* BadgeRowView.swift in Sources */,
				456ED979254FE1A7003C32E4 /* EmailComposer.swift in Sources */,
				45553062255578910042BA20 /* MyEventDetailView.swift in Sources */,
				45B8C62F254A8774003A8511 /* Modifiers.swift in Sources */,
				4590CC0E2548ECB60096C728 /* ContentView.swift in Sources */,
				90DDD7A12551651F00A0DDF0 /* Profile.swift in Sources */,
				39410AE6254E871700DEF4CB /* MyEventsView.swift in Sources */,
				39410B24255109ED00DEF4CB /* UpcomingEventsView.swift in Sources */,
				39410AEE254E8A3B00DEF4CB /* UserView.swift in Sources */,
				4567D172254EA04A00C9DBCB /* Event.swift in Sources */,
				39410B292551243300DEF4CB /* MeView.swift in Sources */,
				39410AE9254E882A00DEF4CB /* EditEventView.swift in Sources */,
				4567D175254EA43100C9DBCB /* EventViewModel.swift in Sources */,
				39410ACF254E4E5900DEF4CB /* SearchView.swift in Sources */,
				45B8C62C254A85EC003A8511 /* SessionStore.swift in Sources */,
				39410AD2254E4E7300DEF4CB /* BadgesView.swift in Sources */,
				90DDD7A4255169DE00A0DDF0 /* ProfileViewModel.swift in Sources */,
				4590CC252548EE760096C728 /* CodeScanner.swift in Sources */,
				45B8C629254A8593003A8511 /* SignInView.swift in Sources */,
				4590CC0C2548ECB60096C728 /* UHShieldApp.swift in Sources */,
			);
			runOnlyForDeploymentPostprocessing = 0;
		};
/* End PBXSourcesBuildPhase section */

/* Begin XCBuildConfiguration section */
		4590CC152548ECB90096C728 /* Debug */ = {
			isa = XCBuildConfiguration;
			buildSettings = {
				ALWAYS_SEARCH_USER_PATHS = NO;
				CLANG_ANALYZER_NONNULL = YES;
				CLANG_ANALYZER_NUMBER_OBJECT_CONVERSION = YES_AGGRESSIVE;
				CLANG_CXX_LANGUAGE_STANDARD = "gnu++14";
				CLANG_CXX_LIBRARY = "libc++";
				CLANG_ENABLE_MODULES = YES;
				CLANG_ENABLE_OBJC_ARC = YES;
				CLANG_ENABLE_OBJC_WEAK = YES;
				CLANG_WARN_BLOCK_CAPTURE_AUTORELEASING = YES;
				CLANG_WARN_BOOL_CONVERSION = YES;
				CLANG_WARN_COMMA = YES;
				CLANG_WARN_CONSTANT_CONVERSION = YES;
				CLANG_WARN_DEPRECATED_OBJC_IMPLEMENTATIONS = YES;
				CLANG_WARN_DIRECT_OBJC_ISA_USAGE = YES_ERROR;
				CLANG_WARN_DOCUMENTATION_COMMENTS = YES;
				CLANG_WARN_EMPTY_BODY = YES;
				CLANG_WARN_ENUM_CONVERSION = YES;
				CLANG_WARN_INFINITE_RECURSION = YES;
				CLANG_WARN_INT_CONVERSION = YES;
				CLANG_WARN_NON_LITERAL_NULL_CONVERSION = YES;
				CLANG_WARN_OBJC_IMPLICIT_RETAIN_SELF = YES;
				CLANG_WARN_OBJC_LITERAL_CONVERSION = YES;
				CLANG_WARN_OBJC_ROOT_CLASS = YES_ERROR;
				CLANG_WARN_QUOTED_INCLUDE_IN_FRAMEWORK_HEADER = YES;
				CLANG_WARN_RANGE_LOOP_ANALYSIS = YES;
				CLANG_WARN_STRICT_PROTOTYPES = YES;
				CLANG_WARN_SUSPICIOUS_MOVE = YES;
				CLANG_WARN_UNGUARDED_AVAILABILITY = YES_AGGRESSIVE;
				CLANG_WARN_UNREACHABLE_CODE = YES;
				CLANG_WARN__DUPLICATE_METHOD_MATCH = YES;
				COPY_PHASE_STRIP = NO;
				DEBUG_INFORMATION_FORMAT = dwarf;
				ENABLE_STRICT_OBJC_MSGSEND = YES;
				ENABLE_TESTABILITY = YES;
				GCC_C_LANGUAGE_STANDARD = gnu11;
				GCC_DYNAMIC_NO_PIC = NO;
				GCC_NO_COMMON_BLOCKS = YES;
				GCC_OPTIMIZATION_LEVEL = 0;
				GCC_PREPROCESSOR_DEFINITIONS = (
					"DEBUG=1",
					"$(inherited)",
				);
				GCC_WARN_64_TO_32_BIT_CONVERSION = YES;
				GCC_WARN_ABOUT_RETURN_TYPE = YES_ERROR;
				GCC_WARN_UNDECLARED_SELECTOR = YES;
				GCC_WARN_UNINITIALIZED_AUTOS = YES_AGGRESSIVE;
				GCC_WARN_UNUSED_FUNCTION = YES;
				GCC_WARN_UNUSED_VARIABLE = YES;
				IPHONEOS_DEPLOYMENT_TARGET = 14.0;
				MTL_ENABLE_DEBUG_INFO = INCLUDE_SOURCE;
				MTL_FAST_MATH = YES;
				ONLY_ACTIVE_ARCH = YES;
				SDKROOT = iphoneos;
				SWIFT_ACTIVE_COMPILATION_CONDITIONS = DEBUG;
				SWIFT_OPTIMIZATION_LEVEL = "-Onone";
			};
			name = Debug;
		};
		4590CC162548ECB90096C728 /* Release */ = {
			isa = XCBuildConfiguration;
			buildSettings = {
				ALWAYS_SEARCH_USER_PATHS = NO;
				CLANG_ANALYZER_NONNULL = YES;
				CLANG_ANALYZER_NUMBER_OBJECT_CONVERSION = YES_AGGRESSIVE;
				CLANG_CXX_LANGUAGE_STANDARD = "gnu++14";
				CLANG_CXX_LIBRARY = "libc++";
				CLANG_ENABLE_MODULES = YES;
				CLANG_ENABLE_OBJC_ARC = YES;
				CLANG_ENABLE_OBJC_WEAK = YES;
				CLANG_WARN_BLOCK_CAPTURE_AUTORELEASING = YES;
				CLANG_WARN_BOOL_CONVERSION = YES;
				CLANG_WARN_COMMA = YES;
				CLANG_WARN_CONSTANT_CONVERSION = YES;
				CLANG_WARN_DEPRECATED_OBJC_IMPLEMENTATIONS = YES;
				CLANG_WARN_DIRECT_OBJC_ISA_USAGE = YES_ERROR;
				CLANG_WARN_DOCUMENTATION_COMMENTS = YES;
				CLANG_WARN_EMPTY_BODY = YES;
				CLANG_WARN_ENUM_CONVERSION = YES;
				CLANG_WARN_INFINITE_RECURSION = YES;
				CLANG_WARN_INT_CONVERSION = YES;
				CLANG_WARN_NON_LITERAL_NULL_CONVERSION = YES;
				CLANG_WARN_OBJC_IMPLICIT_RETAIN_SELF = YES;
				CLANG_WARN_OBJC_LITERAL_CONVERSION = YES;
				CLANG_WARN_OBJC_ROOT_CLASS = YES_ERROR;
				CLANG_WARN_QUOTED_INCLUDE_IN_FRAMEWORK_HEADER = YES;
				CLANG_WARN_RANGE_LOOP_ANALYSIS = YES;
				CLANG_WARN_STRICT_PROTOTYPES = YES;
				CLANG_WARN_SUSPICIOUS_MOVE = YES;
				CLANG_WARN_UNGUARDED_AVAILABILITY = YES_AGGRESSIVE;
				CLANG_WARN_UNREACHABLE_CODE = YES;
				CLANG_WARN__DUPLICATE_METHOD_MATCH = YES;
				COPY_PHASE_STRIP = NO;
				DEBUG_INFORMATION_FORMAT = "dwarf-with-dsym";
				ENABLE_NS_ASSERTIONS = NO;
				ENABLE_STRICT_OBJC_MSGSEND = YES;
				GCC_C_LANGUAGE_STANDARD = gnu11;
				GCC_NO_COMMON_BLOCKS = YES;
				GCC_WARN_64_TO_32_BIT_CONVERSION = YES;
				GCC_WARN_ABOUT_RETURN_TYPE = YES_ERROR;
				GCC_WARN_UNDECLARED_SELECTOR = YES;
				GCC_WARN_UNINITIALIZED_AUTOS = YES_AGGRESSIVE;
				GCC_WARN_UNUSED_FUNCTION = YES;
				GCC_WARN_UNUSED_VARIABLE = YES;
				IPHONEOS_DEPLOYMENT_TARGET = 14.0;
				MTL_ENABLE_DEBUG_INFO = NO;
				MTL_FAST_MATH = YES;
				SDKROOT = iphoneos;
				SWIFT_COMPILATION_MODE = wholemodule;
				SWIFT_OPTIMIZATION_LEVEL = "-O";
				VALIDATE_PRODUCT = YES;
			};
			name = Release;
		};
		4590CC182548ECB90096C728 /* Debug */ = {
			isa = XCBuildConfiguration;
			baseConfigurationReference = A3F6EC8C25AF38B707829FB9 /* Pods-UHShield.debug.xcconfig */;
			buildSettings = {
				ASSETCATALOG_COMPILER_APPICON_NAME = AppIcon;
				ASSETCATALOG_COMPILER_GLOBAL_ACCENT_COLOR_NAME = AccentColor;
				CODE_SIGN_STYLE = Automatic;
				DEVELOPMENT_ASSET_PATHS = "\"UHShield/Preview Content\"";
				DEVELOPMENT_TEAM = L5D3LC3AVZ;
				ENABLE_PREVIEWS = YES;
				INFOPLIST_FILE = UHShield/Info.plist;
				IPHONEOS_DEPLOYMENT_TARGET = 14.0;
				LD_RUNPATH_SEARCH_PATHS = (
					"$(inherited)",
					"@executable_path/Frameworks",
				);
				PRODUCT_BUNDLE_IDENTIFIER = trigeeks.UHShield;
				PRODUCT_NAME = "$(TARGET_NAME)";
				SWIFT_VERSION = 5.0;
				TARGETED_DEVICE_FAMILY = "1,2";
			};
			name = Debug;
		};
		4590CC192548ECB90096C728 /* Release */ = {
			isa = XCBuildConfiguration;
			baseConfigurationReference = 430F3808FC1F511B4A751145 /* Pods-UHShield.release.xcconfig */;
			buildSettings = {
				ASSETCATALOG_COMPILER_APPICON_NAME = AppIcon;
				ASSETCATALOG_COMPILER_GLOBAL_ACCENT_COLOR_NAME = AccentColor;
				CODE_SIGN_STYLE = Automatic;
				DEVELOPMENT_ASSET_PATHS = "\"UHShield/Preview Content\"";
				DEVELOPMENT_TEAM = L5D3LC3AVZ;
				ENABLE_PREVIEWS = YES;
				INFOPLIST_FILE = UHShield/Info.plist;
				IPHONEOS_DEPLOYMENT_TARGET = 14.0;
				LD_RUNPATH_SEARCH_PATHS = (
					"$(inherited)",
					"@executable_path/Frameworks",
				);
				PRODUCT_BUNDLE_IDENTIFIER = trigeeks.UHShield;
				PRODUCT_NAME = "$(TARGET_NAME)";
				SWIFT_VERSION = 5.0;
				TARGETED_DEVICE_FAMILY = "1,2";
			};
			name = Release;
		};
/* End XCBuildConfiguration section */

/* Begin XCConfigurationList section */
		4590CC032548ECB60096C728 /* Build configuration list for PBXProject "UHShield" */ = {
			isa = XCConfigurationList;
			buildConfigurations = (
				4590CC152548ECB90096C728 /* Debug */,
				4590CC162548ECB90096C728 /* Release */,
			);
			defaultConfigurationIsVisible = 0;
			defaultConfigurationName = Release;
		};
		4590CC172548ECB90096C728 /* Build configuration list for PBXNativeTarget "UHShield" */ = {
			isa = XCConfigurationList;
			buildConfigurations = (
				4590CC182548ECB90096C728 /* Debug */,
				4590CC192548ECB90096C728 /* Release */,
			);
			defaultConfigurationIsVisible = 0;
			defaultConfigurationName = Release;
		};
/* End XCConfigurationList section */
	};
	rootObject = 4590CC002548ECB60096C728 /* Project object */;
}
